
Microsoft Visual Studio Solution File, Format Version 12.00
# Visual Studio Version 17
VisualStudioVersion = 17.4.33213.308
MinimumVisualStudioVersion = 10.0.40219.1
Project("{9A19103F-16F7-4668-BE54-9A1E7A4F7556}") = "Exercise3", "Exercise1_inheritance\Exercise3.csproj", "{7BE162CA-31C9-47F7-A760-C7975727F846}"
EndProject
Project("{9A19103F-16F7-4668-BE54-9A1E7A4F7556}") = "Exercise3Test", "Exercise1_InheritanceTest\Exercise3Test.csproj", "{50F1604E-DA26-4A35-A338-EC3AFA439FE6}"
EndProject
Project("{FAE04EC0-301F-11D3-BF4B-00C04F79EFBC}") = "SomeLegacyLibrary", "SomeLegacyLibrary\SomeLegacyLibrary.csproj", "{68B3E958-C98F-4A94-A447-4D3525F1FEB2}"
EndProject
Global
	GlobalSection(SolutionConfigurationPlatforms) = preSolution
		Debug|Any CPU = Debug|Any CPU
		Release|Any CPU = Release|Any CPU
	EndGlobalSection
	GlobalSection(ProjectConfigurationPlatforms) = postSolution
		{7BE162CA-31C9-47F7-A760-C7975727F846}.Debug|Any CPU.ActiveCfg = Debug|Any CPU
		{7BE162CA-31C9-47F7-A760-C7975727F846}.Debug|Any CPU.Build.0 = Debug|Any CPU
		{7BE162CA-31C9-47F7-A760-C7975727F846}.Release|Any CPU.ActiveCfg = Release|Any CPU
		{7BE162CA-31C9-47F7-A760-C7975727F846}.Release|Any CPU.Build.0 = Release|Any CPU
		{50F1604E-DA26-4A35-A338-EC3AFA439FE6}.Debug|Any CPU.ActiveCfg = Debug|Any CPU
		{50F1604E-DA26-4A35-A338-EC3AFA439FE6}.Debug|Any CPU.Build.0 = Debug|Any CPU
		{50F1604E-DA26-4A35-A338-EC3AFA439FE6}.Release|Any CPU.ActiveCfg = Release|Any CPU
		{50F1604E-DA26-4A35-A338-EC3AFA439FE6}.Release|Any CPU.Build.0 = Release|Any CPU
		{68B3E958-C98F-4A94-A447-4D3525F1FEB2}.Debug|Any CPU.ActiveCfg = Debug|Any CPU
		{68B3E958-C98F-4A94-A447-4D3525F1FEB2}.Debug|Any CPU.Build.0 = Debug|Any CPU
		{68B3E958-C98F-4A94-A447-4D3525F1FEB2}.Release|Any CPU.ActiveCfg = Release|Any CPU
		{68B3E958-C98F-4A94-A447-4D3525F1FEB2}.Release|Any CPU.Build.0 = Release|Any CPU
	EndGlobalSection
	GlobalSection(SolutionProperties) = preSolution
		HideSolutionNode = FALSE
	EndGlobalSection
	GlobalSection(ExtensibilityGlobals) = postSolution
		SolutionGuid = {9492EB64-7FAE-4B88-9902-27CE879D072A}
	EndGlobalSection
EndGlobal
